
Microsoft Visual Studio Solution File, Format Version 12.00
# Visual Studio Version 17
VisualStudioVersion = 17.0.31903.59
MinimumVisualStudioVersion = 10.0.40219.1
Project("{FAE04EC0-301F-11D3-BF4B-00C04F79EFBC}") = "Examples", "Examples.csproj", "{4708F204-4ED5-4352-BD8F-39945DEAA6F0}"
EndProject
Project("{FAE04EC0-301F-11D3-BF4B-00C04F79EFBC}") = "ExampleWebApp", "ExampleWebApp.csproj", "{A3EA0DB6-54BE-4644-A20A-DFA3F374B51D}"
EndProject
Global
	GlobalSection(SolutionConfigurationPlatforms) = preSolution
		Debug|Any CPU = Debug|Any CPU
		Debug|x64 = Debug|x64
		Debug|x86 = Debug|x86
		Release|Any CPU = Release|Any CPU
		Release|x64 = Release|x64
		Release|x86 = Release|x86
	EndGlobalSection
	GlobalSection(ProjectConfigurationPlatforms) = postSolution
		{4708F204-4ED5-4352-BD8F-39945DEAA6F0}.Debug|Any CPU.ActiveCfg = Debug|Any CPU
		{4708F204-4ED5-4352-BD8F-39945DEAA6F0}.Debug|Any CPU.Build.0 = Debug|Any CPU
		{4708F204-4ED5-4352-BD8F-39945DEAA6F0}.Debug|x64.ActiveCfg = Debug|Any CPU
		{4708F204-4ED5-4352-BD8F-39945DEAA6F0}.Debug|x64.Build.0 = Debug|Any CPU
		{4708F204-4ED5-4352-BD8F-39945DEAA6F0}.Debug|x86.ActiveCfg = Debug|Any CPU
		{4708F204-4ED5-4352-BD8F-39945DEAA6F0}.Debug|x86.Build.0 = Debug|Any CPU
		{4708F204-4ED5-4352-BD8F-39945DEAA6F0}.Release|Any CPU.ActiveCfg = Release|Any CPU
		{4708F204-4ED5-4352-BD8F-39945DEAA6F0}.Release|Any CPU.Build.0 = Release|Any CPU
		{4708F204-4ED5-4352-BD8F-39945DEAA6F0}.Release|x64.ActiveCfg = Release|Any CPU
		{4708F204-4ED5-4352-BD8F-39945DEAA6F0}.Release|x64.Build.0 = Release|Any CPU
		{4708F204-4ED5-4352-BD8F-39945DEAA6F0}.Release|x86.ActiveCfg = Release|Any CPU
		{4708F204-4ED5-4352-BD8F-39945DEAA6F0}.Release|x86.Build.0 = Release|Any CPU
		{A3EA0DB6-54BE-4644-A20A-DFA3F374B51D}.Debug|Any CPU.ActiveCfg = Debug|Any CPU
		{A3EA0DB6-54BE-4644-A20A-DFA3F374B51D}.Debug|Any CPU.Build.0 = Debug|Any CPU
		{A3EA0DB6-54BE-4644-A20A-DFA3F374B51D}.Debug|x64.ActiveCfg = Debug|Any CPU
		{A3EA0DB6-54BE-4644-A20A-DFA3F374B51D}.Debug|x64.Build.0 = Debug|Any CPU
		{A3EA0DB6-54BE-4644-A20A-DFA3F374B51D}.Debug|x86.ActiveCfg = Debug|Any CPU
		{A3EA0DB6-54BE-4644-A20A-DFA3F374B51D}.Debug|x86.Build.0 = Debug|Any CPU
		{A3EA0DB6-54BE-4644-A20A-DFA3F374B51D}.Release|Any CPU.ActiveCfg = Release|Any CPU
		{A3EA0DB6-54BE-4644-A20A-DFA3F374B51D}.Release|Any CPU.Build.0 = Release|Any CPU
		{A3EA0DB6-54BE-4644-A20A-DFA3F374B51D}.Release|x64.ActiveCfg = Release|Any CPU
		{A3EA0DB6-54BE-4644-A20A-DFA3F374B51D}.Release|x64.Build.0 = Release|Any CPU
		{A3EA0DB6-54BE-4644-A20A-DFA3F374B51D}.Release|x86.ActiveCfg = Release|Any CPU
		{A3EA0DB6-54BE-4644-A20A-DFA3F374B51D}.Release|x86.Build.0 = Release|Any CPU
	EndGlobalSection
	GlobalSection(SolutionProperties) = preSolution
		HideSolutionNode = FALSE
	EndGlobalSection
EndGlobal
