
Microsoft Visual Studio Solution File, Format Version 12.00
# Visual Studio 15
VisualStudioVersion = 15.0.26430.4
MinimumVisualStudioVersion = 10.0.40219.1
Project("{2150E333-8FDC-42A3-9474-1A3956D46DE8}") = "Solution Items", "Solution Items", "{E3F91159-E7A8-4F44-9DD9-B7D76E2E7542}"
	ProjectSection(SolutionItems) = preProject
		..\.gitattributes = ..\.gitattributes
		..\.gitignore = ..\.gitignore
		..\appveyor.yml = ..\appveyor.yml
		..\global.json = ..\global.json
		..\LICENSE = ..\LICENSE
		..\readme.md = ..\readme.md
	EndProjectSection
EndProject
Project("{2150E333-8FDC-42A3-9474-1A3956D46DE8}") = "build", "build", "{B6B9F592-4B61-45D0-A9B2-8D1C03C8E81F}"
	ProjectSection(SolutionItems) = preProject
		..\build\build.psm1 = ..\build\build.psm1
	EndProjectSection
EndProject
Project("{9A19103F-16F7-4668-BE54-9A1E7A4F7556}") = "Stripe.net", "Stripe.net\Stripe.net.csproj", "{FA3F03CD-6128-4B34-89CA-F5D5DE0991AD}"
EndProject
Project("{9A19103F-16F7-4668-BE54-9A1E7A4F7556}") = "Stripe.net.Tests", "Stripe.net.Tests\Stripe.net.Tests.csproj", "{EBD61919-D77A-46E6-8844-EB8011EAD18F}"
EndProject
Project("{9A19103F-16F7-4668-BE54-9A1E7A4F7556}") = "Stripe.Tests.XUnit", "Stripe.Tests.XUnit\Stripe.Tests.XUnit.csproj", "{44C779DD-9683-47B1-9600-95D053628E05}"
EndProject
Global
	GlobalSection(SolutionConfigurationPlatforms) = preSolution
		Debug|Any CPU = Debug|Any CPU
		Debug|x64 = Debug|x64
		Debug|x86 = Debug|x86
		Release|Any CPU = Release|Any CPU
		Release|x64 = Release|x64
		Release|x86 = Release|x86
	EndGlobalSection
	GlobalSection(ProjectConfigurationPlatforms) = postSolution
		{FA3F03CD-6128-4B34-89CA-F5D5DE0991AD}.Debug|Any CPU.ActiveCfg = Debug|Any CPU
		{FA3F03CD-6128-4B34-89CA-F5D5DE0991AD}.Debug|Any CPU.Build.0 = Debug|Any CPU
		{FA3F03CD-6128-4B34-89CA-F5D5DE0991AD}.Debug|x64.ActiveCfg = Debug|Any CPU
		{FA3F03CD-6128-4B34-89CA-F5D5DE0991AD}.Debug|x64.Build.0 = Debug|Any CPU
		{FA3F03CD-6128-4B34-89CA-F5D5DE0991AD}.Debug|x86.ActiveCfg = Debug|Any CPU
		{FA3F03CD-6128-4B34-89CA-F5D5DE0991AD}.Debug|x86.Build.0 = Debug|Any CPU
		{FA3F03CD-6128-4B34-89CA-F5D5DE0991AD}.Release|Any CPU.ActiveCfg = Release|Any CPU
		{FA3F03CD-6128-4B34-89CA-F5D5DE0991AD}.Release|Any CPU.Build.0 = Release|Any CPU
		{FA3F03CD-6128-4B34-89CA-F5D5DE0991AD}.Release|x64.ActiveCfg = Release|Any CPU
		{FA3F03CD-6128-4B34-89CA-F5D5DE0991AD}.Release|x64.Build.0 = Release|Any CPU
		{FA3F03CD-6128-4B34-89CA-F5D5DE0991AD}.Release|x86.ActiveCfg = Release|Any CPU
		{FA3F03CD-6128-4B34-89CA-F5D5DE0991AD}.Release|x86.Build.0 = Release|Any CPU
		{EBD61919-D77A-46E6-8844-EB8011EAD18F}.Debug|Any CPU.ActiveCfg = Debug|Any CPU
		{EBD61919-D77A-46E6-8844-EB8011EAD18F}.Debug|Any CPU.Build.0 = Debug|Any CPU
		{EBD61919-D77A-46E6-8844-EB8011EAD18F}.Debug|x64.ActiveCfg = Debug|Any CPU
		{EBD61919-D77A-46E6-8844-EB8011EAD18F}.Debug|x64.Build.0 = Debug|Any CPU
		{EBD61919-D77A-46E6-8844-EB8011EAD18F}.Debug|x86.ActiveCfg = Debug|Any CPU
		{EBD61919-D77A-46E6-8844-EB8011EAD18F}.Debug|x86.Build.0 = Debug|Any CPU
		{EBD61919-D77A-46E6-8844-EB8011EAD18F}.Release|Any CPU.ActiveCfg = Release|Any CPU
		{EBD61919-D77A-46E6-8844-EB8011EAD18F}.Release|Any CPU.Build.0 = Release|Any CPU
		{EBD61919-D77A-46E6-8844-EB8011EAD18F}.Release|x64.ActiveCfg = Release|Any CPU
		{EBD61919-D77A-46E6-8844-EB8011EAD18F}.Release|x64.Build.0 = Release|Any CPU
		{EBD61919-D77A-46E6-8844-EB8011EAD18F}.Release|x86.ActiveCfg = Release|Any CPU
		{EBD61919-D77A-46E6-8844-EB8011EAD18F}.Release|x86.Build.0 = Release|Any CPU
		{44C779DD-9683-47B1-9600-95D053628E05}.Debug|Any CPU.ActiveCfg = Debug|Any CPU
		{44C779DD-9683-47B1-9600-95D053628E05}.Debug|Any CPU.Build.0 = Debug|Any CPU
		{44C779DD-9683-47B1-9600-95D053628E05}.Debug|x64.ActiveCfg = Debug|Any CPU
		{44C779DD-9683-47B1-9600-95D053628E05}.Debug|x64.Build.0 = Debug|Any CPU
		{44C779DD-9683-47B1-9600-95D053628E05}.Debug|x86.ActiveCfg = Debug|Any CPU
		{44C779DD-9683-47B1-9600-95D053628E05}.Debug|x86.Build.0 = Debug|Any CPU
		{44C779DD-9683-47B1-9600-95D053628E05}.Release|Any CPU.ActiveCfg = Release|Any CPU
		{44C779DD-9683-47B1-9600-95D053628E05}.Release|Any CPU.Build.0 = Release|Any CPU
		{44C779DD-9683-47B1-9600-95D053628E05}.Release|x64.ActiveCfg = Release|Any CPU
		{44C779DD-9683-47B1-9600-95D053628E05}.Release|x64.Build.0 = Release|Any CPU
		{44C779DD-9683-47B1-9600-95D053628E05}.Release|x86.ActiveCfg = Release|Any CPU
		{44C779DD-9683-47B1-9600-95D053628E05}.Release|x86.Build.0 = Release|Any CPU
	EndGlobalSection
	GlobalSection(SolutionProperties) = preSolution
		HideSolutionNode = FALSE
	EndGlobalSection
	GlobalSection(NestedProjects) = preSolution
		{B6B9F592-4B61-45D0-A9B2-8D1C03C8E81F} = {E3F91159-E7A8-4F44-9DD9-B7D76E2E7542}
	EndGlobalSection
EndGlobal
