
Microsoft Visual Studio Solution File, Format Version 12.00
# Visual Studio 14
VisualStudioVersion = 14.0.25420.1
MinimumVisualStudioVersion = 10.0.40219.1
Project("{FAE04EC0-301F-11D3-BF4B-00C04F79EFBC}") = "Stripe", "Stripe\Stripe.csproj", "{E48E9AC1-3A88-406B-82FF-166B1E3C7A48}"
EndProject
Project("{FAE04EC0-301F-11D3-BF4B-00C04F79EFBC}") = "Stripe.Tests", "Stripe.Tests\Stripe.Tests.csproj", "{9150C4E3-8FBB-4C2B-A652-A18C58AE9678}"
EndProject
Project("{FAE04EC0-301F-11D3-BF4B-00C04F79EFBC}") = "Stripe.Portable", "Stripe.Portable\Stripe.Portable.csproj", "{41019920-B57D-4065-B9DF-1442CDAF3BAC}"
EndProject
Project("{2150E333-8FDC-42A3-9474-1A3956D46DE8}") = "Solution Items", "Solution Items", "{E3F91159-E7A8-4F44-9DD9-B7D76E2E7542}"
	ProjectSection(SolutionItems) = preProject
		..\.gitattributes = ..\.gitattributes
		..\.gitignore = ..\.gitignore
		..\appveyor.yml = ..\appveyor.yml
		..\LICENSE = ..\LICENSE
		..\readme.md = ..\readme.md
		..\build\Stripe.net.nuspec = ..\build\Stripe.net.nuspec
	EndProjectSection
EndProject
Global
	GlobalSection(SolutionConfigurationPlatforms) = preSolution
		Debug|Any CPU = Debug|Any CPU
		Debug|ARM = Debug|ARM
		Debug|x64 = Debug|x64
		Debug|x86 = Debug|x86
		Release|Any CPU = Release|Any CPU
		Release|ARM = Release|ARM
		Release|x64 = Release|x64
		Release|x86 = Release|x86
	EndGlobalSection
	GlobalSection(ProjectConfigurationPlatforms) = postSolution
		{E48E9AC1-3A88-406B-82FF-166B1E3C7A48}.Debug|Any CPU.ActiveCfg = Debug|Any CPU
		{E48E9AC1-3A88-406B-82FF-166B1E3C7A48}.Debug|Any CPU.Build.0 = Debug|Any CPU
		{E48E9AC1-3A88-406B-82FF-166B1E3C7A48}.Debug|ARM.ActiveCfg = Debug|Any CPU
		{E48E9AC1-3A88-406B-82FF-166B1E3C7A48}.Debug|ARM.Build.0 = Debug|Any CPU
		{E48E9AC1-3A88-406B-82FF-166B1E3C7A48}.Debug|x64.ActiveCfg = Debug|Any CPU
		{E48E9AC1-3A88-406B-82FF-166B1E3C7A48}.Debug|x64.Build.0 = Debug|Any CPU
		{E48E9AC1-3A88-406B-82FF-166B1E3C7A48}.Debug|x86.ActiveCfg = Debug|Any CPU
		{E48E9AC1-3A88-406B-82FF-166B1E3C7A48}.Debug|x86.Build.0 = Debug|Any CPU
		{E48E9AC1-3A88-406B-82FF-166B1E3C7A48}.Release|Any CPU.ActiveCfg = Release|Any CPU
		{E48E9AC1-3A88-406B-82FF-166B1E3C7A48}.Release|Any CPU.Build.0 = Release|Any CPU
		{E48E9AC1-3A88-406B-82FF-166B1E3C7A48}.Release|ARM.ActiveCfg = Release|Any CPU
		{E48E9AC1-3A88-406B-82FF-166B1E3C7A48}.Release|ARM.Build.0 = Release|Any CPU
		{E48E9AC1-3A88-406B-82FF-166B1E3C7A48}.Release|x64.ActiveCfg = Release|Any CPU
		{E48E9AC1-3A88-406B-82FF-166B1E3C7A48}.Release|x64.Build.0 = Release|Any CPU
		{E48E9AC1-3A88-406B-82FF-166B1E3C7A48}.Release|x86.ActiveCfg = Release|Any CPU
		{E48E9AC1-3A88-406B-82FF-166B1E3C7A48}.Release|x86.Build.0 = Release|Any CPU
		{9150C4E3-8FBB-4C2B-A652-A18C58AE9678}.Debug|Any CPU.ActiveCfg = Debug|Any CPU
		{9150C4E3-8FBB-4C2B-A652-A18C58AE9678}.Debug|Any CPU.Build.0 = Debug|Any CPU
		{9150C4E3-8FBB-4C2B-A652-A18C58AE9678}.Debug|ARM.ActiveCfg = Debug|Any CPU
		{9150C4E3-8FBB-4C2B-A652-A18C58AE9678}.Debug|ARM.Build.0 = Debug|Any CPU
		{9150C4E3-8FBB-4C2B-A652-A18C58AE9678}.Debug|x64.ActiveCfg = Debug|Any CPU
		{9150C4E3-8FBB-4C2B-A652-A18C58AE9678}.Debug|x64.Build.0 = Debug|Any CPU
		{9150C4E3-8FBB-4C2B-A652-A18C58AE9678}.Debug|x86.ActiveCfg = Debug|Any CPU
		{9150C4E3-8FBB-4C2B-A652-A18C58AE9678}.Debug|x86.Build.0 = Debug|Any CPU
		{9150C4E3-8FBB-4C2B-A652-A18C58AE9678}.Release|Any CPU.ActiveCfg = Release|Any CPU
		{9150C4E3-8FBB-4C2B-A652-A18C58AE9678}.Release|Any CPU.Build.0 = Release|Any CPU
		{9150C4E3-8FBB-4C2B-A652-A18C58AE9678}.Release|ARM.ActiveCfg = Release|Any CPU
		{9150C4E3-8FBB-4C2B-A652-A18C58AE9678}.Release|ARM.Build.0 = Release|Any CPU
		{9150C4E3-8FBB-4C2B-A652-A18C58AE9678}.Release|x64.ActiveCfg = Release|Any CPU
		{9150C4E3-8FBB-4C2B-A652-A18C58AE9678}.Release|x64.Build.0 = Release|Any CPU
		{9150C4E3-8FBB-4C2B-A652-A18C58AE9678}.Release|x86.ActiveCfg = Release|Any CPU
		{9150C4E3-8FBB-4C2B-A652-A18C58AE9678}.Release|x86.Build.0 = Release|Any CPU
		{41019920-B57D-4065-B9DF-1442CDAF3BAC}.Debug|Any CPU.ActiveCfg = Debug|Any CPU
		{41019920-B57D-4065-B9DF-1442CDAF3BAC}.Debug|Any CPU.Build.0 = Debug|Any CPU
		{41019920-B57D-4065-B9DF-1442CDAF3BAC}.Debug|ARM.ActiveCfg = Debug|Any CPU
		{41019920-B57D-4065-B9DF-1442CDAF3BAC}.Debug|ARM.Build.0 = Debug|Any CPU
		{41019920-B57D-4065-B9DF-1442CDAF3BAC}.Debug|x64.ActiveCfg = Debug|Any CPU
		{41019920-B57D-4065-B9DF-1442CDAF3BAC}.Debug|x64.Build.0 = Debug|Any CPU
		{41019920-B57D-4065-B9DF-1442CDAF3BAC}.Debug|x86.ActiveCfg = Debug|Any CPU
		{41019920-B57D-4065-B9DF-1442CDAF3BAC}.Debug|x86.Build.0 = Debug|Any CPU
		{41019920-B57D-4065-B9DF-1442CDAF3BAC}.Release|Any CPU.ActiveCfg = Release|Any CPU
		{41019920-B57D-4065-B9DF-1442CDAF3BAC}.Release|Any CPU.Build.0 = Release|Any CPU
		{41019920-B57D-4065-B9DF-1442CDAF3BAC}.Release|ARM.ActiveCfg = Release|Any CPU
		{41019920-B57D-4065-B9DF-1442CDAF3BAC}.Release|ARM.Build.0 = Release|Any CPU
		{41019920-B57D-4065-B9DF-1442CDAF3BAC}.Release|x64.ActiveCfg = Release|Any CPU
		{41019920-B57D-4065-B9DF-1442CDAF3BAC}.Release|x64.Build.0 = Release|Any CPU
		{41019920-B57D-4065-B9DF-1442CDAF3BAC}.Release|x86.ActiveCfg = Release|Any CPU
		{41019920-B57D-4065-B9DF-1442CDAF3BAC}.Release|x86.Build.0 = Release|Any CPU
	EndGlobalSection
	GlobalSection(SolutionProperties) = preSolution
		HideSolutionNode = FALSE
	EndGlobalSection
EndGlobal
