
Microsoft Visual Studio Solution File, Format Version 12.00
# Visual Studio 14
VisualStudioVersion = 14.0.23107.0
MinimumVisualStudioVersion = 10.0.40219.1
Project("{FAE04EC0-301F-11D3-BF4B-00C04F79EFBC}") = "Stripe", "Stripe\Stripe.csproj", "{E48E9AC1-3A88-406B-82FF-166B1E3C7A48}"
EndProject
Project("{FAE04EC0-301F-11D3-BF4B-00C04F79EFBC}") = "Stripe.Tests", "Stripe.Tests\Stripe.Tests.csproj", "{9150C4E3-8FBB-4C2B-A652-A18C58AE9678}"
EndProject
Project("{2150E333-8FDC-42A3-9474-1A3956D46DE8}") = ".nuget", ".nuget", "{F653B9CB-5084-4EE8-9623-9A1DC176569D}"
	ProjectSection(SolutionItems) = preProject
		.nuget\NuGet.Config = .nuget\NuGet.Config
		.nuget\NuGet.exe = .nuget\NuGet.exe
		.nuget\NuGet.targets = .nuget\NuGet.targets
	EndProjectSection
EndProject
Project("{2150E333-8FDC-42A3-9474-1A3956D46DE8}") = "Solution Items", "Solution Items", "{4406B05C-7B7E-4D56-AD4C-428F9AE2E643}"
	ProjectSection(SolutionItems) = preProject
		..\.gitignore = ..\.gitignore
		..\build nuget.cmd = ..\build nuget.cmd
		..\build.cmd = ..\build.cmd
		..\LICENSE = ..\LICENSE
		..\readme.md = ..\readme.md
		..\Stripe.net.nuspec = ..\Stripe.net.nuspec
	EndProjectSection
EndProject
Global
	GlobalSection(SolutionConfigurationPlatforms) = preSolution
		Debug|Any CPU = Debug|Any CPU
		Release|Any CPU = Release|Any CPU
	EndGlobalSection
	GlobalSection(ProjectConfigurationPlatforms) = postSolution
		{E48E9AC1-3A88-406B-82FF-166B1E3C7A48}.Debug|Any CPU.ActiveCfg = Debug|Any CPU
		{E48E9AC1-3A88-406B-82FF-166B1E3C7A48}.Debug|Any CPU.Build.0 = Debug|Any CPU
		{E48E9AC1-3A88-406B-82FF-166B1E3C7A48}.Release|Any CPU.ActiveCfg = Release|Any CPU
		{E48E9AC1-3A88-406B-82FF-166B1E3C7A48}.Release|Any CPU.Build.0 = Release|Any CPU
		{9150C4E3-8FBB-4C2B-A652-A18C58AE9678}.Debug|Any CPU.ActiveCfg = Debug|Any CPU
		{9150C4E3-8FBB-4C2B-A652-A18C58AE9678}.Debug|Any CPU.Build.0 = Debug|Any CPU
		{9150C4E3-8FBB-4C2B-A652-A18C58AE9678}.Release|Any CPU.ActiveCfg = Release|Any CPU
		{9150C4E3-8FBB-4C2B-A652-A18C58AE9678}.Release|Any CPU.Build.0 = Release|Any CPU
	EndGlobalSection
	GlobalSection(SolutionProperties) = preSolution
		HideSolutionNode = FALSE
	EndGlobalSection
EndGlobal
